
Microsoft Visual Studio Solution File, Format Version 12.00
# Visual Studio Version 16
VisualStudioVersion = 16.0.30621.155
MinimumVisualStudioVersion = 10.0.40219.1
Project("{FAE04EC0-301F-11D3-BF4B-00C04F79EFBC}") = "PrjCRUD_EF", "PrjCRUD_EF\PrjCRUD_EF.csproj", "{24BF2AFF-DD5B-4F22-9607-6E66CF9A7AB2}"
EndProject
Global
	GlobalSection(SolutionConfigurationPlatforms) = preSolution
		Debug|Any CPU = Debug|Any CPU
		Release|Any CPU = Release|Any CPU
	EndGlobalSection
	GlobalSection(ProjectConfigurationPlatforms) = postSolution
		{24BF2AFF-DD5B-4F22-9607-6E66CF9A7AB2}.Debug|Any CPU.ActiveCfg = Debug|Any CPU
		{24BF2AFF-DD5B-4F22-9607-6E66CF9A7AB2}.Debug|Any CPU.Build.0 = Debug|Any CPU
		{24BF2AFF-DD5B-4F22-9607-6E66CF9A7AB2}.Release|Any CPU.ActiveCfg = Release|Any CPU
		{24BF2AFF-DD5B-4F22-9607-6E66CF9A7AB2}.Release|Any CPU.Build.0 = Release|Any CPU
	EndGlobalSection
	GlobalSection(SolutionProperties) = preSolution
		HideSolutionNode = FALSE
	EndGlobalSection
	GlobalSection(ExtensibilityGlobals) = postSolution
		SolutionGuid = {60911EAD-6770-4250-AEFE-86621056C9A3}
	EndGlobalSection
EndGlobal
