
Microsoft Visual Studio Solution File, Format Version 12.00
# Visual Studio Version 16
VisualStudioVersion = 16.0.30621.155
MinimumVisualStudioVersion = 10.0.40219.1
Project("{FAE04EC0-301F-11D3-BF4B-00C04F79EFBC}") = "EntityFrameworkwithviewsexample", "EntityFrameworkwithviewsexample\EntityFrameworkwithviewsexample.csproj", "{48033E39-5CCB-4191-A08E-5A027B153D8E}"
EndProject
Global
	GlobalSection(SolutionConfigurationPlatforms) = preSolution
		Debug|Any CPU = Debug|Any CPU
		Release|Any CPU = Release|Any CPU
	EndGlobalSection
	GlobalSection(ProjectConfigurationPlatforms) = postSolution
		{48033E39-5CCB-4191-A08E-5A027B153D8E}.Debug|Any CPU.ActiveCfg = Debug|Any CPU
		{48033E39-5CCB-4191-A08E-5A027B153D8E}.Debug|Any CPU.Build.0 = Debug|Any CPU
		{48033E39-5CCB-4191-A08E-5A027B153D8E}.Release|Any CPU.ActiveCfg = Release|Any CPU
		{48033E39-5CCB-4191-A08E-5A027B153D8E}.Release|Any CPU.Build.0 = Release|Any CPU
	EndGlobalSection
	GlobalSection(SolutionProperties) = preSolution
		HideSolutionNode = FALSE
	EndGlobalSection
	GlobalSection(ExtensibilityGlobals) = postSolution
		SolutionGuid = {2382E49D-ADC0-4B16-B34E-A1C8714B61BE}
	EndGlobalSection
EndGlobal
