
Microsoft Visual Studio Solution File, Format Version 12.00
# Visual Studio Version 16
VisualStudioVersion = 16.0.30621.155
MinimumVisualStudioVersion = 10.0.40219.1
Project("{FAE04EC0-301F-11D3-BF4B-00C04F79EFBC}") = "UnderstandingSecuritySolution", "UnderstandingSecuritySolution\UnderstandingSecuritySolution.csproj", "{6A088563-D801-449A-BD8E-D76ABA25AE9A}"
EndProject
Global
	GlobalSection(SolutionConfigurationPlatforms) = preSolution
		Debug|Any CPU = Debug|Any CPU
		Release|Any CPU = Release|Any CPU
	EndGlobalSection
	GlobalSection(ProjectConfigurationPlatforms) = postSolution
		{6A088563-D801-449A-BD8E-D76ABA25AE9A}.Debug|Any CPU.ActiveCfg = Debug|Any CPU
		{6A088563-D801-449A-BD8E-D76ABA25AE9A}.Debug|Any CPU.Build.0 = Debug|Any CPU
		{6A088563-D801-449A-BD8E-D76ABA25AE9A}.Release|Any CPU.ActiveCfg = Release|Any CPU
		{6A088563-D801-449A-BD8E-D76ABA25AE9A}.Release|Any CPU.Build.0 = Release|Any CPU
	EndGlobalSection
	GlobalSection(SolutionProperties) = preSolution
		HideSolutionNode = FALSE
	EndGlobalSection
	GlobalSection(ExtensibilityGlobals) = postSolution
		SolutionGuid = {BFA928CB-2113-433E-9126-7CF80F2ED40D}
	EndGlobalSection
EndGlobal
